
Microsoft Visual Studio Solution File, Format Version 12.00
# Visual Studio Version 16
VisualStudioVersion = 16.0.31410.357
MinimumVisualStudioVersion = 10.0.40219.1
Project("{FAE04EC0-301F-11D3-BF4B-00C04F79EFBC}") = "MaxOnesAfterRemoveItem", "MaxOnesAfterRemoveItem\MaxOnesAfterRemoveItem.csproj", "{36767B68-AFB7-485F-9D3E-EBFA0D12B66A}"
EndProject
Project("{FAE04EC0-301F-11D3-BF4B-00C04F79EFBC}") = "Tests", "Tests\Tests.csproj", "{A1DAAF72-E57F-43D5-B59C-DAA9676CC1F1}"
EndProject
Global
	GlobalSection(SolutionConfigurationPlatforms) = preSolution
		Debug|Any CPU = Debug|Any CPU
		Release|Any CPU = Release|Any CPU
	EndGlobalSection
	GlobalSection(ProjectConfigurationPlatforms) = postSolution
		{36767B68-AFB7-485F-9D3E-EBFA0D12B66A}.Debug|Any CPU.ActiveCfg = Debug|Any CPU
		{36767B68-AFB7-485F-9D3E-EBFA0D12B66A}.Debug|Any CPU.Build.0 = Debug|Any CPU
		{36767B68-AFB7-485F-9D3E-EBFA0D12B66A}.Release|Any CPU.ActiveCfg = Release|Any CPU
		{36767B68-AFB7-485F-9D3E-EBFA0D12B66A}.Release|Any CPU.Build.0 = Release|Any CPU
		{A1DAAF72-E57F-43D5-B59C-DAA9676CC1F1}.Debug|Any CPU.ActiveCfg = Debug|Any CPU
		{A1DAAF72-E57F-43D5-B59C-DAA9676CC1F1}.Debug|Any CPU.Build.0 = Debug|Any CPU
		{A1DAAF72-E57F-43D5-B59C-DAA9676CC1F1}.Release|Any CPU.ActiveCfg = Release|Any CPU
		{A1DAAF72-E57F-43D5-B59C-DAA9676CC1F1}.Release|Any CPU.Build.0 = Release|Any CPU
	EndGlobalSection
	GlobalSection(SolutionProperties) = preSolution
		HideSolutionNode = FALSE
	EndGlobalSection
	GlobalSection(ExtensibilityGlobals) = postSolution
		SolutionGuid = {46E98847-1ED9-4900-A9DD-85793BFF5913}
	EndGlobalSection
EndGlobal
